
Microsoft Visual Studio Solution File, Format Version 12.00
# Visual Studio Version 16
VisualStudioVersion = 16.0.29230.61
MinimumVisualStudioVersion = 10.0.40219.1
Project("{FAE04EC0-301F-11D3-BF4B-00C04F79EFBC}") = "Warehouses", "Warehouses\Warehouses.csproj", "{3C7E3783-96F6-4903-B561-97B2A29C5C24}"
EndProject
Project("{FAE04EC0-301F-11D3-BF4B-00C04F79EFBC}") = "Warehouses.DataAccess", "Warehouses.DataAccess\Warehouses.DataAccess.csproj", "{8BCB6B13-7375-4216-B588-1F5D7D1013A2}"
EndProject
Project("{FAE04EC0-301F-11D3-BF4B-00C04F79EFBC}") = "Warehouses.Domain", "Warehouses.Domain\Warehouses.Domain.csproj", "{FB60619F-87F1-44C9-9913-A1A1072D15C9}"
EndProject
Project("{FAE04EC0-301F-11D3-BF4B-00C04F79EFBC}") = "Warehouses.IntegrationTests", "Warehouses.IntegrationTests\Warehouses.IntegrationTests.csproj", "{805C41A2-896C-4C9F-A964-EF569BF0C08F}"
EndProject
Global
	GlobalSection(SolutionConfigurationPlatforms) = preSolution
		Debug|Any CPU = Debug|Any CPU
		Release|Any CPU = Release|Any CPU
	EndGlobalSection
	GlobalSection(ProjectConfigurationPlatforms) = postSolution
		{3C7E3783-96F6-4903-B561-97B2A29C5C24}.Debug|Any CPU.ActiveCfg = Debug|Any CPU
		{3C7E3783-96F6-4903-B561-97B2A29C5C24}.Debug|Any CPU.Build.0 = Debug|Any CPU
		{3C7E3783-96F6-4903-B561-97B2A29C5C24}.Release|Any CPU.ActiveCfg = Release|Any CPU
		{3C7E3783-96F6-4903-B561-97B2A29C5C24}.Release|Any CPU.Build.0 = Release|Any CPU
		{8BCB6B13-7375-4216-B588-1F5D7D1013A2}.Debug|Any CPU.ActiveCfg = Debug|Any CPU
		{8BCB6B13-7375-4216-B588-1F5D7D1013A2}.Debug|Any CPU.Build.0 = Debug|Any CPU
		{8BCB6B13-7375-4216-B588-1F5D7D1013A2}.Release|Any CPU.ActiveCfg = Release|Any CPU
		{8BCB6B13-7375-4216-B588-1F5D7D1013A2}.Release|Any CPU.Build.0 = Release|Any CPU
		{FB60619F-87F1-44C9-9913-A1A1072D15C9}.Debug|Any CPU.ActiveCfg = Debug|Any CPU
		{FB60619F-87F1-44C9-9913-A1A1072D15C9}.Debug|Any CPU.Build.0 = Debug|Any CPU
		{FB60619F-87F1-44C9-9913-A1A1072D15C9}.Release|Any CPU.ActiveCfg = Release|Any CPU
		{FB60619F-87F1-44C9-9913-A1A1072D15C9}.Release|Any CPU.Build.0 = Release|Any CPU
		{805C41A2-896C-4C9F-A964-EF569BF0C08F}.Debug|Any CPU.ActiveCfg = Debug|Any CPU
		{805C41A2-896C-4C9F-A964-EF569BF0C08F}.Debug|Any CPU.Build.0 = Debug|Any CPU
		{805C41A2-896C-4C9F-A964-EF569BF0C08F}.Release|Any CPU.ActiveCfg = Release|Any CPU
		{805C41A2-896C-4C9F-A964-EF569BF0C08F}.Release|Any CPU.Build.0 = Release|Any CPU
	EndGlobalSection
	GlobalSection(SolutionProperties) = preSolution
		HideSolutionNode = FALSE
	EndGlobalSection
	GlobalSection(ExtensibilityGlobals) = postSolution
		SolutionGuid = {5928FE18-827A-4ADE-B53E-A85D1408BD18}
	EndGlobalSection
EndGlobal
